
Microsoft Visual Studio Solution File, Format Version 12.00
# Visual Studio 2013
VisualStudioVersion = 12.0.21005.1
MinimumVisualStudioVersion = 10.0.40219.1
Project("{FAE04EC0-301F-11D3-BF4B-00C04F79EFBC}") = "nbrb", "nbrb\nbrb.csproj", "{D3D7870E-77BB-415B-9388-C87A2AC01D28}"
EndProject
Project("{FAE04EC0-301F-11D3-BF4B-00C04F79EFBC}") = "Weather", "Weather\Weather.csproj", "{24FEE8FD-9C55-45D4-ABF3-AF653D7301CC}"
EndProject
Project("{FAE04EC0-301F-11D3-BF4B-00C04F79EFBC}") = "WeatherLibrary", "WeatherLibrary\WeatherLibrary.csproj", "{9F89B021-1D8B-4D22-9697-8D2D5D5092E0}"
EndProject
Global
	GlobalSection(SolutionConfigurationPlatforms) = preSolution
		Debug|Any CPU = Debug|Any CPU
		Release|Any CPU = Release|Any CPU
	EndGlobalSection
	GlobalSection(ProjectConfigurationPlatforms) = postSolution
		{D3D7870E-77BB-415B-9388-C87A2AC01D28}.Debug|Any CPU.ActiveCfg = Debug|Any CPU
		{D3D7870E-77BB-415B-9388-C87A2AC01D28}.Debug|Any CPU.Build.0 = Debug|Any CPU
		{D3D7870E-77BB-415B-9388-C87A2AC01D28}.Release|Any CPU.ActiveCfg = Release|Any CPU
		{D3D7870E-77BB-415B-9388-C87A2AC01D28}.Release|Any CPU.Build.0 = Release|Any CPU
		{24FEE8FD-9C55-45D4-ABF3-AF653D7301CC}.Debug|Any CPU.ActiveCfg = Debug|Any CPU
		{24FEE8FD-9C55-45D4-ABF3-AF653D7301CC}.Debug|Any CPU.Build.0 = Debug|Any CPU
		{24FEE8FD-9C55-45D4-ABF3-AF653D7301CC}.Release|Any CPU.ActiveCfg = Release|Any CPU
		{24FEE8FD-9C55-45D4-ABF3-AF653D7301CC}.Release|Any CPU.Build.0 = Release|Any CPU
		{9F89B021-1D8B-4D22-9697-8D2D5D5092E0}.Debug|Any CPU.ActiveCfg = Debug|Any CPU
		{9F89B021-1D8B-4D22-9697-8D2D5D5092E0}.Debug|Any CPU.Build.0 = Debug|Any CPU
		{9F89B021-1D8B-4D22-9697-8D2D5D5092E0}.Release|Any CPU.ActiveCfg = Release|Any CPU
		{9F89B021-1D8B-4D22-9697-8D2D5D5092E0}.Release|Any CPU.Build.0 = Release|Any CPU
	EndGlobalSection
	GlobalSection(SolutionProperties) = preSolution
		HideSolutionNode = FALSE
	EndGlobalSection
EndGlobal
