
Microsoft Visual Studio Solution File, Format Version 12.00
# Visual Studio 2013
VisualStudioVersion = 12.0.21005.1
MinimumVisualStudioVersion = 10.0.40219.1
Project("{FAE04EC0-301F-11D3-BF4B-00C04F79EFBC}") = "CarRacing", "CarRacing\CarRacing.csproj", "{570C42CA-3982-423E-9406-6C4EE56691F0}"
EndProject
Project("{FAE04EC0-301F-11D3-BF4B-00C04F79EFBC}") = "CarOnTheRoad", "CarOnTheRoad\CarOnTheRoad.csproj", "{FD13CC4B-ADF7-49AB-BD3C-8D38AB8ADA53}"
EndProject
Global
	GlobalSection(SolutionConfigurationPlatforms) = preSolution
		Debug|Any CPU = Debug|Any CPU
		Release|Any CPU = Release|Any CPU
	EndGlobalSection
	GlobalSection(ProjectConfigurationPlatforms) = postSolution
		{570C42CA-3982-423E-9406-6C4EE56691F0}.Debug|Any CPU.ActiveCfg = Debug|Any CPU
		{570C42CA-3982-423E-9406-6C4EE56691F0}.Debug|Any CPU.Build.0 = Debug|Any CPU
		{570C42CA-3982-423E-9406-6C4EE56691F0}.Release|Any CPU.ActiveCfg = Release|Any CPU
		{570C42CA-3982-423E-9406-6C4EE56691F0}.Release|Any CPU.Build.0 = Release|Any CPU
		{FD13CC4B-ADF7-49AB-BD3C-8D38AB8ADA53}.Debug|Any CPU.ActiveCfg = Debug|Any CPU
		{FD13CC4B-ADF7-49AB-BD3C-8D38AB8ADA53}.Debug|Any CPU.Build.0 = Debug|Any CPU
		{FD13CC4B-ADF7-49AB-BD3C-8D38AB8ADA53}.Release|Any CPU.ActiveCfg = Release|Any CPU
		{FD13CC4B-ADF7-49AB-BD3C-8D38AB8ADA53}.Release|Any CPU.Build.0 = Release|Any CPU
	EndGlobalSection
	GlobalSection(SolutionProperties) = preSolution
		HideSolutionNode = FALSE
	EndGlobalSection
EndGlobal
