
Microsoft Visual Studio Solution File, Format Version 12.00
# Visual Studio 2013
VisualStudioVersion = 12.0.21005.1
MinimumVisualStudioVersion = 10.0.40219.1
Project("{FAE04EC0-301F-11D3-BF4B-00C04F79EFBC}") = "BackupCopy", "BackupCopy\BackupCopy.csproj", "{0AA98171-B0FA-4F9C-AC81-ECEAE36F3DAC}"
EndProject
Project("{FAE04EC0-301F-11D3-BF4B-00C04F79EFBC}") = "HouseBuilding", "HouseBuilding\HouseBuilding.csproj", "{CF9E6466-DA7A-42FB-BD0A-AA79642F51D1}"
EndProject
Global
	GlobalSection(SolutionConfigurationPlatforms) = preSolution
		Debug|Any CPU = Debug|Any CPU
		Release|Any CPU = Release|Any CPU
	EndGlobalSection
	GlobalSection(ProjectConfigurationPlatforms) = postSolution
		{0AA98171-B0FA-4F9C-AC81-ECEAE36F3DAC}.Debug|Any CPU.ActiveCfg = Debug|Any CPU
		{0AA98171-B0FA-4F9C-AC81-ECEAE36F3DAC}.Debug|Any CPU.Build.0 = Debug|Any CPU
		{0AA98171-B0FA-4F9C-AC81-ECEAE36F3DAC}.Release|Any CPU.ActiveCfg = Release|Any CPU
		{0AA98171-B0FA-4F9C-AC81-ECEAE36F3DAC}.Release|Any CPU.Build.0 = Release|Any CPU
		{CF9E6466-DA7A-42FB-BD0A-AA79642F51D1}.Debug|Any CPU.ActiveCfg = Debug|Any CPU
		{CF9E6466-DA7A-42FB-BD0A-AA79642F51D1}.Debug|Any CPU.Build.0 = Debug|Any CPU
		{CF9E6466-DA7A-42FB-BD0A-AA79642F51D1}.Release|Any CPU.ActiveCfg = Release|Any CPU
		{CF9E6466-DA7A-42FB-BD0A-AA79642F51D1}.Release|Any CPU.Build.0 = Release|Any CPU
	EndGlobalSection
	GlobalSection(SolutionProperties) = preSolution
		HideSolutionNode = FALSE
	EndGlobalSection
EndGlobal
